
Microsoft Visual Studio Solution File, Format Version 12.00
# Visual Studio Version 16
VisualStudioVersion = 16.0.30611.23
MinimumVisualStudioVersion = 10.0.40219.1
Project("{FAE04EC0-301F-11D3-BF4B-00C04F79EFBC}") = "calculator2ndTime", "calculator2ndTime\calculator2ndTime.csproj", "{25CEFA2B-4A78-4439-BA63-679E5FA9B706}"
EndProject
Global
	GlobalSection(SolutionConfigurationPlatforms) = preSolution
		Debug|Any CPU = Debug|Any CPU
		Release|Any CPU = Release|Any CPU
	EndGlobalSection
	GlobalSection(ProjectConfigurationPlatforms) = postSolution
		{25CEFA2B-4A78-4439-BA63-679E5FA9B706}.Debug|Any CPU.ActiveCfg = Debug|Any CPU
		{25CEFA2B-4A78-4439-BA63-679E5FA9B706}.Debug|Any CPU.Build.0 = Debug|Any CPU
		{25CEFA2B-4A78-4439-BA63-679E5FA9B706}.Release|Any CPU.ActiveCfg = Release|Any CPU
		{25CEFA2B-4A78-4439-BA63-679E5FA9B706}.Release|Any CPU.Build.0 = Release|Any CPU
	EndGlobalSection
	GlobalSection(SolutionProperties) = preSolution
		HideSolutionNode = FALSE
	EndGlobalSection
	GlobalSection(ExtensibilityGlobals) = postSolution
		SolutionGuid = {BFE37FE7-6253-42EA-B2EE-44C4627EBB97}
	EndGlobalSection
EndGlobal
